
Microsoft Visual Studio Solution File, Format Version 12.00
# Visual Studio Version 17
VisualStudioVersion = 17.8.34330.188
MinimumVisualStudioVersion = 10.0.40219.1
Project("{FAE04EC0-301F-11D3-BF4B-00C04F79EFBC}") = "CodePulseAPI", "CodePulseAPI\CodePulseAPI.csproj", "{473925F5-7716-4B50-8611-45B1D666E2D8}"
EndProject
Global
	GlobalSection(SolutionConfigurationPlatforms) = preSolution
		Debug|Any CPU = Debug|Any CPU
		Release|Any CPU = Release|Any CPU
	EndGlobalSection
	GlobalSection(ProjectConfigurationPlatforms) = postSolution
		{473925F5-7716-4B50-8611-45B1D666E2D8}.Debug|Any CPU.ActiveCfg = Debug|Any CPU
		{473925F5-7716-4B50-8611-45B1D666E2D8}.Debug|Any CPU.Build.0 = Debug|Any CPU
		{473925F5-7716-4B50-8611-45B1D666E2D8}.Release|Any CPU.ActiveCfg = Release|Any CPU
		{473925F5-7716-4B50-8611-45B1D666E2D8}.Release|Any CPU.Build.0 = Release|Any CPU
	EndGlobalSection
	GlobalSection(SolutionProperties) = preSolution
		HideSolutionNode = FALSE
	EndGlobalSection
	GlobalSection(ExtensibilityGlobals) = postSolution
		SolutionGuid = {620A277A-A59B-42E9-A656-F6E135C70F9E}
	EndGlobalSection
EndGlobal
